
Microsoft Visual Studio Solution File, Format Version 12.00
# Visual Studio Version 17
VisualStudioVersion = 17.9.34723.18
MinimumVisualStudioVersion = 10.0.40219.1
Project("{8BC9CEB8-8B4A-11D0-8D11-00A0C91BC942}") = "SSD", "SSD\SSD.vcxproj", "{44C1B057-06B5-4D1B-9424-8E04CA0CE1AE}"
EndProject
Project("{8BC9CEB8-8B4A-11D0-8D11-00A0C91BC942}") = "SSD_TC", "SSD_TC\SSD_TC.vcxproj", "{2D9A83A7-B75E-42B5-A536-1B59987CA0F6}"
EndProject
Project("{2150E333-8FDC-42A3-9474-1A3956D46DE8}") = "솔루션 항목", "솔루션 항목", "{FD1DABE0-B112-47F6-96B5-9A2C809497F1}"
	ProjectSection(SolutionItems) = preProject
		.gitignore = .gitignore
	EndProjectSection
EndProject
Project("{8BC9CEB8-8B4A-11D0-8D11-00A0C91BC942}") = "Shell", "Shell\Shell.vcxproj", "{3EC12CC6-FC9E-439D-9041-14347C8D66C9}"
EndProject
Project("{8BC9CEB8-8B4A-11D0-8D11-00A0C91BC942}") = "Shell_TC", "Shell_TC\Shell_TC.vcxproj", "{470FC640-8D32-4A93-88E7-16256432CC9F}"
EndProject
Global
	GlobalSection(SolutionConfigurationPlatforms) = preSolution
		Debug|x64 = Debug|x64
		Debug|x86 = Debug|x86
		Release|x64 = Release|x64
		Release|x86 = Release|x86
	EndGlobalSection
	GlobalSection(ProjectConfigurationPlatforms) = postSolution
		{44C1B057-06B5-4D1B-9424-8E04CA0CE1AE}.Debug|x64.ActiveCfg = Debug|x64
		{44C1B057-06B5-4D1B-9424-8E04CA0CE1AE}.Debug|x64.Build.0 = Debug|x64
		{44C1B057-06B5-4D1B-9424-8E04CA0CE1AE}.Debug|x86.ActiveCfg = Debug|Win32
		{44C1B057-06B5-4D1B-9424-8E04CA0CE1AE}.Debug|x86.Build.0 = Debug|Win32
		{44C1B057-06B5-4D1B-9424-8E04CA0CE1AE}.Release|x64.ActiveCfg = Release|x64
		{44C1B057-06B5-4D1B-9424-8E04CA0CE1AE}.Release|x64.Build.0 = Release|x64
		{44C1B057-06B5-4D1B-9424-8E04CA0CE1AE}.Release|x86.ActiveCfg = Release|Win32
		{44C1B057-06B5-4D1B-9424-8E04CA0CE1AE}.Release|x86.Build.0 = Release|Win32
		{2D9A83A7-B75E-42B5-A536-1B59987CA0F6}.Debug|x64.ActiveCfg = Debug|x64
		{2D9A83A7-B75E-42B5-A536-1B59987CA0F6}.Debug|x64.Build.0 = Debug|x64
		{2D9A83A7-B75E-42B5-A536-1B59987CA0F6}.Debug|x86.ActiveCfg = Debug|Win32
		{2D9A83A7-B75E-42B5-A536-1B59987CA0F6}.Debug|x86.Build.0 = Debug|Win32
		{2D9A83A7-B75E-42B5-A536-1B59987CA0F6}.Release|x64.ActiveCfg = Release|x64
		{2D9A83A7-B75E-42B5-A536-1B59987CA0F6}.Release|x64.Build.0 = Release|x64
		{2D9A83A7-B75E-42B5-A536-1B59987CA0F6}.Release|x86.ActiveCfg = Release|Win32
		{2D9A83A7-B75E-42B5-A536-1B59987CA0F6}.Release|x86.Build.0 = Release|Win32
		{3EC12CC6-FC9E-439D-9041-14347C8D66C9}.Debug|x64.ActiveCfg = Debug|x64
		{3EC12CC6-FC9E-439D-9041-14347C8D66C9}.Debug|x64.Build.0 = Debug|x64
		{3EC12CC6-FC9E-439D-9041-14347C8D66C9}.Debug|x86.ActiveCfg = Debug|Win32
		{3EC12CC6-FC9E-439D-9041-14347C8D66C9}.Debug|x86.Build.0 = Debug|Win32
		{3EC12CC6-FC9E-439D-9041-14347C8D66C9}.Release|x64.ActiveCfg = Release|x64
		{3EC12CC6-FC9E-439D-9041-14347C8D66C9}.Release|x64.Build.0 = Release|x64
		{3EC12CC6-FC9E-439D-9041-14347C8D66C9}.Release|x86.ActiveCfg = Release|Win32
		{3EC12CC6-FC9E-439D-9041-14347C8D66C9}.Release|x86.Build.0 = Release|Win32
		{470FC640-8D32-4A93-88E7-16256432CC9F}.Debug|x64.ActiveCfg = Debug|x64
		{470FC640-8D32-4A93-88E7-16256432CC9F}.Debug|x64.Build.0 = Debug|x64
		{470FC640-8D32-4A93-88E7-16256432CC9F}.Debug|x86.ActiveCfg = Debug|Win32
		{470FC640-8D32-4A93-88E7-16256432CC9F}.Debug|x86.Build.0 = Debug|Win32
		{470FC640-8D32-4A93-88E7-16256432CC9F}.Release|x64.ActiveCfg = Release|x64
		{470FC640-8D32-4A93-88E7-16256432CC9F}.Release|x64.Build.0 = Release|x64
		{470FC640-8D32-4A93-88E7-16256432CC9F}.Release|x86.ActiveCfg = Release|Win32
		{470FC640-8D32-4A93-88E7-16256432CC9F}.Release|x86.Build.0 = Release|Win32
	EndGlobalSection
	GlobalSection(SolutionProperties) = preSolution
		HideSolutionNode = FALSE
	EndGlobalSection
	GlobalSection(ExtensibilityGlobals) = postSolution
		SolutionGuid = {756E1DA7-5199-4718-AB1F-ABACBB74A8D7}
	EndGlobalSection
EndGlobal
