<?xml version="1.0" encoding="utf-8"?>
<Project ToolsVersion="4.0" xmlns="http://schemas.microsoft.com/developer/msbuild/2003">
  <ItemGroup>
    <ClCompile Include="main.cpp" />
    <ClCompile Include="Shell.cpp" />
    <ClCompile Include="$(MSBuildThisFileDirectory)..\..\lib\native\src\gtest\gtest-all.cc" />
    <ClCompile Include="$(MSBuildThisFileDirectory)..\..\lib\native\src\gmock\gmock-all.cc" />
    <ClCompile Include="SSDAdapter.cpp" />
    <ClCompile Include="Runner.cpp" />
    <ClCompile Include="TestApp1.cpp" />
    <ClCompile Include="TestApp2.cpp" />
    <ClCompile Include="TestScenario.cpp" />
  </ItemGroup>
  <ItemGroup>
    <None Include="packages.config" />
  </ItemGroup>
  <ItemGroup>
    <ClInclude Include="SSDInterface.h" />
    <ClInclude Include="SSDAdapter.h" />
    <ClInclude Include="Shell.h" />
    <ClInclude Include="Runner.h" />
    <ClInclude Include="TestCaseHeader.h" />
  </ItemGroup>
</Project>