<?xml version="1.0" encoding="utf-8"?>
<Project ToolsVersion="4.0" xmlns="http://schemas.microsoft.com/developer/msbuild/2003">
  <ItemGroup>
    <ClCompile Include="main.cpp" />
    <ClCompile Include="Shell.cpp" />
    <ClCompile Include="$(MSBuildThisFileDirectory)..\..\lib\native\src\gtest\gtest-all.cc" />
    <ClCompile Include="$(MSBuildThisFileDirectory)..\..\lib\native\src\gmock\gmock-all.cc" />
    <ClCompile Include="SSDAdapter.cpp" />
    <ClCompile Include="Runner.cpp" />
    <ClCompile Include="ShellLogger.cpp" />
    <ClCompile Include="ShellTestBuilder.cpp" />
    <ClCompile Include="testapp1.cpp" />
    <ClCompile Include="testapp2.cpp" />
    <ClCompile Include="write10andcompare.cpp" />
    <ClCompile Include="LoopWriteAndReadCompare.cpp" />
  </ItemGroup>
  <ItemGroup>
    <None Include="packages.config" />
  </ItemGroup>
  <ItemGroup>
    <ClInclude Include="SSDInterface.h" />
    <ClInclude Include="SSDAdapter.h" />
    <ClInclude Include="Shell.h" />
    <ClInclude Include="Runner.h" />
    <ClInclude Include="ShellLogger.h" />
    <ClInclude Include="ShellTestBuilder.h" />
    <ClInclude Include="TestCase.h" />
    <ClInclude Include="testapp1.h" />
    <ClInclude Include="testapp2.h" />
    <ClInclude Include="write10andcompare.h" />
    <ClInclude Include="LoopWriteAndReadCompare.h" />
  </ItemGroup>
</Project>